{
    "_meta": {
        "hash": {
            "sha256": "454c2524e991050fee39386d3e158edf08a91d88d54258ca306941273dd4aeda"
        },
        "pipfile-spec": 6,
        "requires": {
            "python_version": "3.10"
        },
        "sources": [
            {
                "name": "pypi",
                "url": "https://pypi.org/simple",
                "verify_ssl": true
            }
        ]
    },
    "default": {
        "cython": {
            "hashes": [
                "sha256:035cb6930a8534f865a3f4616543f78bd27e4de9c3e117b2826e395085ffc4c0",
                "sha256:039877e57dc10abf0d30d2de2c7476f0881d8ecef1f29bdeed1a6a06a8d89141",
                "sha256:048fe89c2c753c24e1a7a05496907173dab17e238c8dc3c7cad90b3679b0d846",
                "sha256:05c4efd36879ff8020af00407e4c14246b894558ea41dc6486f60dd71601fc67",
                "sha256:063220a6dc0909b576ef068c7e2acf5c608d64423a6d231aacb72d06352cd95b",
                "sha256:0759868b4a4d103578375e031e89abd578c26774d957ee4f591764ef8003b363",
                "sha256:077d9a61e6042174dabf68b8e92c0a80f5aff529439ed314aa6e6a233af80b95",
                "sha256:0a9206b0720f0cad3e70c018722f6d10e81b32e65477e14ffedd3fbfadfaddca",
                "sha256:0d9fcfc09d67218fce114fe9fd97bba4f9d56add0f775c588d8c626ed47f1aef",
                "sha256:0f31d02b831d0fa9bf099b1b714b5a8252eabd8db34b7d33c48e7e808a2dabf9",
                "sha256:115e76fbe9288119526b66963f614042222d1587f1ba5ddb90088215a3d2a25a",
                "sha256:13491f1bfcf020fd02751c4a55294aa8957e21b7ecd2542b0521a7aa50c58bb2",
                "sha256:2ad4eb2608661d63fb57c674dafb9955f5141d748d4579c7722c1a3c6b86a0c2",
                "sha256:2c4d4d92182002b2878adb3329de1ccb7f3f7571d3586f92602e790bfeab45d0",
                "sha256:2d6bb318ddce8b978c81cf78caf8b3836db84f6235d721952685e87871f506e4",
                "sha256:34059c3ea6e342ba388cd9774a61761bb4200ca18bd475de65c9cc70ef4e0204",
                "sha256:3679a6693456f5f7ccca9ab2a91408e99ee257e145024fe380da7c78a07e98b6",
                "sha256:39318348db488a2f24e7c84e08bdc82f2624853c0fea8b475ea0b70b27176492",
                "sha256:3cffbba1888f795de2103e6fb1482c8ea8d457e638fa813e090fe747f9e549bb",
                "sha256:452679284c15a7d5a88bff675e1dd660349360f0665aea50be2d98b7650925f8",
                "sha256:45277bb54c35b11bcdd6cf0f56eb950eb280b67146db0cb57853fb6334c6d11d",
                "sha256:45aaceb082ad89365f2f783a40db42359591ad55914fb298841196edf88afdc5",
                "sha256:485f8a3087392e2287e2869adc0385b439f69b9cfbd262fdf39b00417690c988",
                "sha256:4db9eea298e982aee7ba12b3432c66eb2e91bb2f5d026bbd57c35698ea0f557f",
                "sha256:4faf17ea6e8fc3065a862d4b24be84048fd58ed7abe59aa2f9141446a7a72335",
                "sha256:4fbc8f62b8d50f9a2eef99927a9dcb8d0a42e5a801ab14c2e4aeab622c88f54b",
                "sha256:530a474a79fa6c2127bb7e3ba00857b1f26a563615863f17b7434331aa3fe404",
                "sha256:5742ef31e1e2c9a4824ef6b05af0f4949047a6f73af1d4b238ce12935174aede",
                "sha256:57b44f789794d74c1feddae054dd045b9f601bdffd7288e069b4ca7ed607ec61",
                "sha256:6ac1cf1f2ed01656b33618352f7e42bf75d027425b83cc96cfe13ce4b6cba5de",
                "sha256:75206369504fc442c10a86ecf57b91592dca744e4592af22a47e9a774d53dd10",
                "sha256:77f4d001fb7a03a68b53be20571acd17452d1dda7907d9c325dff0cc704b1ef9",
                "sha256:808f56d4cd0511723b787c341f3cc995fd72893e608102268298c188f4a4f2e7",
                "sha256:93502f45948ae8d7f874ba4c113b50cb6fb4ee664caa82e1ddc398500ee0ffb3",
                "sha256:9c016b3e859b41cf4ce1b8107f364ad5a83c086f75ea4d8d3990b24691f626a1",
                "sha256:a1cab30c11880f38a27911b569ea38b0bd67fcf32f8a8a8519b613c70562dae2",
                "sha256:a90f9c7b6635967eacafebe439d518b7dc720aaaf19cb9553f5aad03c13296f4",
                "sha256:a95ed0e6f481462a3ff2be4c2e4ffffc5d00fc3884d4ccd1fe5b702d4938ec09",
                "sha256:a993002fe28c840dc29805fde7341c775b7878b311b85f21560fdebf220c247b",
                "sha256:abb2362783521bd9a22fe69b2141abab4db97237665a36a034b161ddee5b3e72",
                "sha256:ada4852db0e33dbdd1425322db081d22b9725cb9f5eba42885467b4e2c4f2ac0",
                "sha256:b37f4b0d983316242b4b9241ecbbe55220aa92af93ff04626441fe0ea90a54f9",
                "sha256:b77f2b45535bcf3741592fa03183558bd42198b872c1584b896fa0ba5f2ac68d",
                "sha256:b94f58e05e69e1a43da551c8f532e9fad057df1641f0f8ae8f103d4ede5a80fe",
                "sha256:ba3f7b433c1721a43674c0889d5fad746bf608416c8f849343859e6d4d3a7113",
                "sha256:c18e125537a96e76c8c34201e5a9aad8625e3d872dd26a63155573462e54e185",
                "sha256:c95bd21d87b08c88fe5296381a5f39cd979a775bf1a1d7379a6ff87c703e510b",
                "sha256:d0d9431101f600d5a557d55989658cbfd02b7c0dcd1e4675dac8ad7e0da8ea5b",
                "sha256:d9d17a6ceb301c5dbd3820e62c1b10a4ad3a6eea3e07e7afaf736b5f490c2e32",
                "sha256:db21997270e943aee9cb7694112d24a4702fbe1977fbe53b3cb4db3d02be73d9",
                "sha256:dd9cab3b862bec2b110886aedb11765e9deda363c4c7ab5ea205f3d8f143c411",
                "sha256:dee39967168d6326ea2df56ad215a4d5049aa52f44cd5aad45bfb63d5b4fb9e5",
                "sha256:e3e011fa2ae9e953fe1ab8394329a21bdb54357c7fe509bcfb02b88bc15bffbb",
                "sha256:ebc901131057c115a8868e14c1df6e56b9190df774b72664c03ebd858296bb81",
                "sha256:f18c13d5ed6fde5efd3b1c039f6a34296d1a0409bb00fbf45bec6f9bcf63ddf5",
                "sha256:f687539ead9fbc17f499e33ee20c1dc41598f70ad95edb4990c576447cec9d23",
                "sha256:f6fcfef825edb44cf3c6ba2c091ad76a83da62ac9c79553e80e0c2a1f75eda2e",
                "sha256:fcfd2255458a5779dbab813550695331d541b24f0ef831ace83f04f9516ddf26"
            ],
            "markers": "python_version >= '2.7' and python_version not in '3.0, 3.1, 3.2, 3.3'",
            "version": "==3.0.5"
        },
        "pycryptodome": {
            "hashes": [
                "sha256:0101f647d11a1aae5a8ce4f5fad6644ae1b22bb65d05accc7d322943c69a74a6",
                "sha256:04dd31d3b33a6b22ac4d432b3274588917dcf850cc0c51c84eca1d8ed6933810",
                "sha256:05e33267394aad6db6595c0ce9d427fe21552f5425e116a925455e099fdf759a",
                "sha256:08ce3558af5106c632baf6d331d261f02367a6bc3733086ae43c0f988fe042db",
                "sha256:139ae2c6161b9dd5d829c9645d781509a810ef50ea8b657e2257c25ca20efe33",
                "sha256:17940dcf274fcae4a54ec6117a9ecfe52907ed5e2e438fe712fe7ca502672ed5",
                "sha256:190c53f51e988dceb60472baddce3f289fa52b0ec38fbe5fd20dd1d0f795c551",
                "sha256:22e0ae7c3a7f87dcdcf302db06ab76f20e83f09a6993c160b248d58274473bfa",
                "sha256:3006c44c4946583b6de24fe0632091c2653d6256b99a02a3db71ca06472ea1e4",
                "sha256:45430dfaf1f421cf462c0dd824984378bef32b22669f2635cb809357dbaab405",
                "sha256:506c686a1eee6c00df70010be3b8e9e78f406af4f21b23162bbb6e9bdf5427bc",
                "sha256:536f676963662603f1f2e6ab01080c54d8cd20f34ec333dcb195306fa7826997",
                "sha256:542f99d5026ac5f0ef391ba0602f3d11beef8e65aae135fa5b762f5ebd9d3bfb",
                "sha256:560591c0777f74a5da86718f70dfc8d781734cf559773b64072bbdda44b3fc3e",
                "sha256:5b1986c761258a5b4332a7f94a83f631c1ffca8747d75ab8395bf2e1b93283d9",
                "sha256:61bb3ccbf4bf32ad9af32da8badc24e888ae5231c617947e0f5401077f8b091f",
                "sha256:7822f36d683f9ad7bc2145b2c2045014afdbbd1d9922a6d4ce1cbd6add79a01e",
                "sha256:7919ccd096584b911f2a303c593280869ce1af9bf5d36214511f5e5a1bed8c34",
                "sha256:7c760c8a0479a4042111a8dd2f067d3ae4573da286c53f13cf6f5c53a5c1f631",
                "sha256:829b813b8ee00d9c8aba417621b94bc0b5efd18c928923802ad5ba4cf1ec709c",
                "sha256:84c3e4fffad0c4988aef0d5591be3cad4e10aa7db264c65fadbc633318d20bde",
                "sha256:8999316e57abcbd8085c91bc0ef75292c8618f41ca6d2b6132250a863a77d1e7",
                "sha256:8c1601e04d32087591d78e0b81e1e520e57a92796089864b20e5f18c9564b3fa",
                "sha256:a0ab84755f4539db086db9ba9e9f3868d2e3610a3948cbd2a55e332ad83b01b0",
                "sha256:a9bcd5f3794879e91970f2bbd7d899780541d3ff439d8f2112441769c9f2ccea",
                "sha256:bc35d463222cdb4dbebd35e0784155c81e161b9284e567e7e933d722e533331e",
                "sha256:c1cc2f2ae451a676def1a73c1ae9120cd31af25db3f381893d45f75e77be2400",
                "sha256:d033947e7fd3e2ba9a031cb2d267251620964705a013c5a461fa5233cc025270",
                "sha256:d04f5f623a280fbd0ab1c1d8ecbd753193ab7154f09b6161b0f857a1a676c15f",
                "sha256:d49a6c715d8cceffedabb6adb7e0cbf41ae1a2ff4adaeec9432074a80627dea1",
                "sha256:e249a784cc98a29c77cea9df54284a44b40cafbfae57636dd2f8775b48af2434",
                "sha256:fc7a79590e2b5d08530175823a242de6790abc73638cc6dc9d2684e7be2f5e49"
            ],
            "index": "pypi",
            "markers": "python_version >= '2.7' and python_version not in '3.0, 3.1, 3.2, 3.3, 3.4'",
            "version": "==3.19.0"
        },
        "sagemath": {
            "hashes": [
                "sha256:8269fca3f6c86f10a8fcd1cc9889c06dfe3038fda33c21f41dcf6ebd7036e527"
            ],
            "index": "pypi",
            "version": "==1.3.0"
        }
    },
    "develop": {}
}
